{
    "_readme": [
        "This file locks the dependencies of your project to a known state",
        "Read more about it at https://getcomposer.org/doc/01-basic-usage.md#installing-dependencies",
        "This file is @generated automatically"
    ],
    "content-hash": "a6c5b5d733252266ddba6cc5b365c211",
    "packages": [],
    "packages-dev": [
        {
            "name": "akirk/extract-wp-hooks",
            "version": "dev-main",
            "source": {
                "type": "git",
                "url": "https://github.com/akirk/extract-wp-hooks.git",
                "reference": "24409fbf99d02857c4509558e6dc920b69505961"
            },
            "dist": {
                "type": "zip",
                "url": "https://api.github.com/repos/akirk/extract-wp-hooks/zipball/24409fbf99d02857c4509558e6dc920b69505961",
                "reference": "24409fbf99d02857c4509558e6dc920b69505961",
                "shasum": ""
            },
            "require": {
                "php": ">=7.4"
            },
            "require-dev": {
                "phpunit/phpunit": "^9.0|^10.0|^11.0",
                "wp-coding-standards/wpcs": "^3.0"
            },
            "default-branch": true,
            "bin": [
                "extract-wp-hooks.php"
            ],
            "type": "library",
            "scripts": {
                "test": [
                    "phpunit tests/"
                ],
                "phpcs": [
                    "phpcs"
                ],
                "phpcbf": [
                    "phpcbf"
                ]
            },
            "license": [
                "GPL-2.0-or-later"
            ],
            "authors": [
                {
                    "name": "Alex Kirk"
                }
            ],
            "description": "Extract available WordPress hooks for a Github Wiki",
            "support": {
                "source": "https://github.com/akirk/extract-wp-hooks/tree/main",
                "issues": "https://github.com/akirk/extract-wp-hooks/issues"
            },
            "time": "2025-07-30T14:44:22+00:00"
        }
    ],
    "aliases": [],
    "minimum-stability": "stable",
    "stability-flags": {
        "akirk/extract-wp-hooks": 20
    },
    "prefer-stable": false,
    "prefer-lowest": false,
    "platform": {
        "php": ">=7.4"
    },
    "platform-dev": [],
    "plugin-api-version": "2.3.0"
}
